// !$*UTF8*$!
{
	archiveVersion = 1;
	classes = {
	};
	objectVersion = 56;
	objects = {

/* Begin PBXBuildFile section */
		147D122D29AD2AE600FB7CEA /* PokemonListAssembly.swift in Sources */ = {isa = PBXBuildFile; fileRef = 147D122C29AD2AE600FB7CEA /* PokemonListAssembly.swift */; };
		147D123029AD2AFE00FB7CEA /* PokemonListVC.swift in Sources */ = {isa = PBXBuildFile; fileRef = 147D122F29AD2AFE00FB7CEA /* PokemonListVC.swift */; };
		147D123529AD2B7100FB7CEA /* PokemonListService.swift in Sources */ = {isa = PBXBuildFile; fileRef = 147D123429AD2B7100FB7CEA /* PokemonListService.swift */; };
		147D123F29AD2BE000FB7CEA /* NetworkClient.swift in Sources */ = {isa = PBXBuildFile; fileRef = 147D123829AD2BDF00FB7CEA /* NetworkClient.swift */; };
		147D124229AD2BE000FB7CEA /* Domains.swift in Sources */ = {isa = PBXBuildFile; fileRef = 147D123B29AD2BDF00FB7CEA /* Domains.swift */; };
		147D124329AD2BE000FB7CEA /* NetworkErrors.swift in Sources */ = {isa = PBXBuildFile; fileRef = 147D123C29AD2BE000FB7CEA /* NetworkErrors.swift */; };
		147D124429AD2BE000FB7CEA /* HTTPMethod.swift in Sources */ = {isa = PBXBuildFile; fileRef = 147D123D29AD2BE000FB7CEA /* HTTPMethod.swift */; };
		147D124529AD2BE000FB7CEA /* Request.swift in Sources */ = {isa = PBXBuildFile; fileRef = 147D123E29AD2BE000FB7CEA /* Request.swift */; };
		147D124929AD2C4E00FB7CEA /* PokemonListPresenter.swift in Sources */ = {isa = PBXBuildFile; fileRef = 147D124829AD2C4E00FB7CEA /* PokemonListPresenter.swift */; };
		147D124B29AD2C5D00FB7CEA /* PokemonListInteractor.swift in Sources */ = {isa = PBXBuildFile; fileRef = 147D124A29AD2C5D00FB7CEA /* PokemonListInteractor.swift */; };
		147DEEA929AC8D1B00FB7CEA /* AppDelegate.swift in Sources */ = {isa = PBXBuildFile; fileRef = 147DEEA829AC8D1B00FB7CEA /* AppDelegate.swift */; };
		147DEEAB29AC8D1B00FB7CEA /* SceneDelegate.swift in Sources */ = {isa = PBXBuildFile; fileRef = 147DEEAA29AC8D1B00FB7CEA /* SceneDelegate.swift */; };
		147DEEB229AC8D1D00FB7CEA /* Assets.xcassets in Resources */ = {isa = PBXBuildFile; fileRef = 147DEEB129AC8D1D00FB7CEA /* Assets.xcassets */; };
		147DEEB529AC8D1D00FB7CEA /* LaunchScreen.storyboard in Resources */ = {isa = PBXBuildFile; fileRef = 147DEEB329AC8D1D00FB7CEA /* LaunchScreen.storyboard */; };
		147DEEC029AC8D1D00FB7CEA /* PokeAppTests.swift in Sources */ = {isa = PBXBuildFile; fileRef = 147DEEBF29AC8D1D00FB7CEA /* PokeAppTests.swift */; };
		147DEECA29AC8D1D00FB7CEA /* PokeAppUITests.swift in Sources */ = {isa = PBXBuildFile; fileRef = 147DEEC929AC8D1D00FB7CEA /* PokeAppUITests.swift */; };
		147DEECC29AC8D1D00FB7CEA /* PokeAppUITestsLaunchTests.swift in Sources */ = {isa = PBXBuildFile; fileRef = 147DEECB29AC8D1D00FB7CEA /* PokeAppUITestsLaunchTests.swift */; };
/* End PBXBuildFile section */

/* Begin PBXContainerItemProxy section */
		147DEEBC29AC8D1D00FB7CEA /* PBXContainerItemProxy */ = {
			isa = PBXContainerItemProxy;
			containerPortal = 147DEE9D29AC8D1B00FB7CEA /* Project object */;
			proxyType = 1;
			remoteGlobalIDString = 147DEEA429AC8D1B00FB7CEA;
			remoteInfo = PokeApp;
		};
		147DEEC629AC8D1D00FB7CEA /* PBXContainerItemProxy */ = {
			isa = PBXContainerItemProxy;
			containerPortal = 147DEE9D29AC8D1B00FB7CEA /* Project object */;
			proxyType = 1;
			remoteGlobalIDString = 147DEEA429AC8D1B00FB7CEA;
			remoteInfo = PokeApp;
		};
/* End PBXContainerItemProxy section */

/* Begin PBXFileReference section */
		147D122C29AD2AE600FB7CEA /* PokemonListAssembly.swift */ = {isa = PBXFileReference; lastKnownFileType = sourcecode.swift; path = PokemonListAssembly.swift; sourceTree = "<group>"; };
		147D122F29AD2AFE00FB7CEA /* PokemonListVC.swift */ = {isa = PBXFileReference; lastKnownFileType = sourcecode.swift; path = PokemonListVC.swift; sourceTree = "<group>"; };
		147D123429AD2B7100FB7CEA /* PokemonListService.swift */ = {isa = PBXFileReference; lastKnownFileType = sourcecode.swift; path = PokemonListService.swift; sourceTree = "<group>"; };
		147D123829AD2BDF00FB7CEA /* NetworkClient.swift */ = {isa = PBXFileReference; fileEncoding = 4; lastKnownFileType = sourcecode.swift; path = NetworkClient.swift; sourceTree = "<group>"; };
		147D123B29AD2BDF00FB7CEA /* Domains.swift */ = {isa = PBXFileReference; fileEncoding = 4; lastKnownFileType = sourcecode.swift; path = Domains.swift; sourceTree = "<group>"; };
		147D123C29AD2BE000FB7CEA /* NetworkErrors.swift */ = {isa = PBXFileReference; fileEncoding = 4; lastKnownFileType = sourcecode.swift; path = NetworkErrors.swift; sourceTree = "<group>"; };
		147D123D29AD2BE000FB7CEA /* HTTPMethod.swift */ = {isa = PBXFileReference; fileEncoding = 4; lastKnownFileType = sourcecode.swift; path = HTTPMethod.swift; sourceTree = "<group>"; };
		147D123E29AD2BE000FB7CEA /* Request.swift */ = {isa = PBXFileReference; fileEncoding = 4; lastKnownFileType = sourcecode.swift; path = Request.swift; sourceTree = "<group>"; };
		147D124829AD2C4E00FB7CEA /* PokemonListPresenter.swift */ = {isa = PBXFileReference; lastKnownFileType = sourcecode.swift; path = PokemonListPresenter.swift; sourceTree = "<group>"; };
		147D124A29AD2C5D00FB7CEA /* PokemonListInteractor.swift */ = {isa = PBXFileReference; lastKnownFileType = sourcecode.swift; path = PokemonListInteractor.swift; sourceTree = "<group>"; };
		147DEEA529AC8D1B00FB7CEA /* PokeApp.app */ = {isa = PBXFileReference; explicitFileType = wrapper.application; includeInIndex = 0; path = PokeApp.app; sourceTree = BUILT_PRODUCTS_DIR; };
		147DEEA829AC8D1B00FB7CEA /* AppDelegate.swift */ = {isa = PBXFileReference; lastKnownFileType = sourcecode.swift; path = AppDelegate.swift; sourceTree = "<group>"; };
		147DEEAA29AC8D1B00FB7CEA /* SceneDelegate.swift */ = {isa = PBXFileReference; lastKnownFileType = sourcecode.swift; path = SceneDelegate.swift; sourceTree = "<group>"; };
		147DEEB129AC8D1D00FB7CEA /* Assets.xcassets */ = {isa = PBXFileReference; lastKnownFileType = folder.assetcatalog; path = Assets.xcassets; sourceTree = "<group>"; };
		147DEEB429AC8D1D00FB7CEA /* Base */ = {isa = PBXFileReference; lastKnownFileType = file.storyboard; name = Base; path = Base.lproj/LaunchScreen.storyboard; sourceTree = "<group>"; };
		147DEEB629AC8D1D00FB7CEA /* Info.plist */ = {isa = PBXFileReference; lastKnownFileType = text.plist.xml; path = Info.plist; sourceTree = "<group>"; };
		147DEEBB29AC8D1D00FB7CEA /* PokeAppTests.xctest */ = {isa = PBXFileReference; explicitFileType = wrapper.cfbundle; includeInIndex = 0; path = PokeAppTests.xctest; sourceTree = BUILT_PRODUCTS_DIR; };
		147DEEBF29AC8D1D00FB7CEA /* PokeAppTests.swift */ = {isa = PBXFileReference; lastKnownFileType = sourcecode.swift; path = PokeAppTests.swift; sourceTree = "<group>"; };
		147DEEC529AC8D1D00FB7CEA /* PokeAppUITests.xctest */ = {isa = PBXFileReference; explicitFileType = wrapper.cfbundle; includeInIndex = 0; path = PokeAppUITests.xctest; sourceTree = BUILT_PRODUCTS_DIR; };
		147DEEC929AC8D1D00FB7CEA /* PokeAppUITests.swift */ = {isa = PBXFileReference; lastKnownFileType = sourcecode.swift; path = PokeAppUITests.swift; sourceTree = "<group>"; };
		147DEECB29AC8D1D00FB7CEA /* PokeAppUITestsLaunchTests.swift */ = {isa = PBXFileReference; lastKnownFileType = sourcecode.swift; path = PokeAppUITestsLaunchTests.swift; sourceTree = "<group>"; };
/* End PBXFileReference section */

/* Begin PBXFrameworksBuildPhase section */
		147DEEA229AC8D1B00FB7CEA /* Frameworks */ = {
			isa = PBXFrameworksBuildPhase;
			buildActionMask = 2147483647;
			files = (
			);
			runOnlyForDeploymentPostprocessing = 0;
		};
		147DEEB829AC8D1D00FB7CEA /* Frameworks */ = {
			isa = PBXFrameworksBuildPhase;
			buildActionMask = 2147483647;
			files = (
			);
			runOnlyForDeploymentPostprocessing = 0;
		};
		147DEEC229AC8D1D00FB7CEA /* Frameworks */ = {
			isa = PBXFrameworksBuildPhase;
			buildActionMask = 2147483647;
			files = (
			);
			runOnlyForDeploymentPostprocessing = 0;
		};
/* End PBXFrameworksBuildPhase section */

/* Begin PBXGroup section */
		147D122929AD2A3100FB7CEA /* AppDelegates */ = {
			isa = PBXGroup;
			children = (
				147DEEA829AC8D1B00FB7CEA /* AppDelegate.swift */,
				147DEEAA29AC8D1B00FB7CEA /* SceneDelegate.swift */,
			);
			path = AppDelegates;
			sourceTree = "<group>";
		};
		147D122B29AD2A8900FB7CEA /* LaunchScreen */ = {
			isa = PBXGroup;
			children = (
				147DEEB329AC8D1D00FB7CEA /* LaunchScreen.storyboard */,
			);
			path = LaunchScreen;
			sourceTree = "<group>";
		};
		147D122E29AD2AEC00FB7CEA /* PokemonList Unit */ = {
			isa = PBXGroup;
			children = (
				147D122C29AD2AE600FB7CEA /* PokemonListAssembly.swift */,
				147D124C29AD2C7000FB7CEA /* View */,
				147D124D29AD2C7500FB7CEA /* Presenter */,
				147D124E29AD2C7E00FB7CEA /* Interactor */,
			);
			path = "PokemonList Unit";
			sourceTree = "<group>";
		};
		147D123129AD2B0400FB7CEA /* Presentation Layer */ = {
			isa = PBXGroup;
			children = (
				147D122E29AD2AEC00FB7CEA /* PokemonList Unit */,
			);
			path = "Presentation Layer";
			sourceTree = "<group>";
		};
		147D123629AD2B7300FB7CEA /* Network Layer */ = {
			isa = PBXGroup;
			children = (
				147D124729AD2C0000FB7CEA /* Common */,
				147D123729AD2BDF00FB7CEA /* Clients */,
				147D124629AD2BF000FB7CEA /* Services */,
			);
			path = "Network Layer";
			sourceTree = "<group>";
		};
		147D123729AD2BDF00FB7CEA /* Clients */ = {
			isa = PBXGroup;
			children = (
				147D123829AD2BDF00FB7CEA /* NetworkClient.swift */,
			);
			path = Clients;
			sourceTree = "<group>";
		};
		147D124629AD2BF000FB7CEA /* Services */ = {
			isa = PBXGroup;
			children = (
				147D124F29AD2FF200FB7CEA /* Pokemon API */,
			);
			path = Services;
			sourceTree = "<group>";
		};
		147D124729AD2C0000FB7CEA /* Common */ = {
			isa = PBXGroup;
			children = (
				147D123B29AD2BDF00FB7CEA /* Domains.swift */,
				147D123D29AD2BE000FB7CEA /* HTTPMethod.swift */,
				147D123C29AD2BE000FB7CEA /* NetworkErrors.swift */,
				147D123E29AD2BE000FB7CEA /* Request.swift */,
			);
			path = Common;
			sourceTree = "<group>";
		};
		147D124C29AD2C7000FB7CEA /* View */ = {
			isa = PBXGroup;
			children = (
				147D122F29AD2AFE00FB7CEA /* PokemonListVC.swift */,
			);
			path = View;
			sourceTree = "<group>";
		};
		147D124D29AD2C7500FB7CEA /* Presenter */ = {
			isa = PBXGroup;
			children = (
				147D124829AD2C4E00FB7CEA /* PokemonListPresenter.swift */,
			);
			path = Presenter;
			sourceTree = "<group>";
		};
		147D124E29AD2C7E00FB7CEA /* Interactor */ = {
			isa = PBXGroup;
			children = (
				147D124A29AD2C5D00FB7CEA /* PokemonListInteractor.swift */,
			);
			path = Interactor;
			sourceTree = "<group>";
		};
		147D124F29AD2FF200FB7CEA /* Pokemon API */ = {
			isa = PBXGroup;
			children = (
				147D123429AD2B7100FB7CEA /* PokemonListService.swift */,
			);
			path = "Pokemon API";
			sourceTree = "<group>";
		};
		147DEE9C29AC8D1B00FB7CEA = {
			isa = PBXGroup;
			children = (
				147DEEA729AC8D1B00FB7CEA /* PokeApp */,
				147DEEBE29AC8D1D00FB7CEA /* PokeAppTests */,
				147DEEC829AC8D1D00FB7CEA /* PokeAppUITests */,
				147DEEA629AC8D1B00FB7CEA /* Products */,
			);
			sourceTree = "<group>";
		};
		147DEEA629AC8D1B00FB7CEA /* Products */ = {
			isa = PBXGroup;
			children = (
				147DEEA529AC8D1B00FB7CEA /* PokeApp.app */,
				147DEEBB29AC8D1D00FB7CEA /* PokeAppTests.xctest */,
				147DEEC529AC8D1D00FB7CEA /* PokeAppUITests.xctest */,
			);
			name = Products;
			sourceTree = "<group>";
		};
		147DEEA729AC8D1B00FB7CEA /* PokeApp */ = {
			isa = PBXGroup;
			children = (
				147DEEB629AC8D1D00FB7CEA /* Info.plist */,
				147DEEB129AC8D1D00FB7CEA /* Assets.xcassets */,
				147D123629AD2B7300FB7CEA /* Network Layer */,
				147D122B29AD2A8900FB7CEA /* LaunchScreen */,
				147D122929AD2A3100FB7CEA /* AppDelegates */,
				147D123129AD2B0400FB7CEA /* Presentation Layer */,
			);
			path = PokeApp;
			sourceTree = "<group>";
		};
		147DEEBE29AC8D1D00FB7CEA /* PokeAppTests */ = {
			isa = PBXGroup;
			children = (
				147DEEBF29AC8D1D00FB7CEA /* PokeAppTests.swift */,
			);
			path = PokeAppTests;
			sourceTree = "<group>";
		};
		147DEEC829AC8D1D00FB7CEA /* PokeAppUITests */ = {
			isa = PBXGroup;
			children = (
				147DEEC929AC8D1D00FB7CEA /* PokeAppUITests.swift */,
				147DEECB29AC8D1D00FB7CEA /* PokeAppUITestsLaunchTests.swift */,
			);
			path = PokeAppUITests;
			sourceTree = "<group>";
		};
/* End PBXGroup section */

/* Begin PBXNativeTarget section */
		147DEEA429AC8D1B00FB7CEA /* PokeApp */ = {
			isa = PBXNativeTarget;
			buildConfigurationList = 147DEECF29AC8D1D00FB7CEA /* Build configuration list for PBXNativeTarget "PokeApp" */;
			buildPhases = (
				147DEEA129AC8D1B00FB7CEA /* Sources */,
				147DEEA229AC8D1B00FB7CEA /* Frameworks */,
				147DEEA329AC8D1B00FB7CEA /* Resources */,
			);
			buildRules = (
			);
			dependencies = (
			);
			name = PokeApp;
			productName = PokeApp;
			productReference = 147DEEA529AC8D1B00FB7CEA /* PokeApp.app */;
			productType = "com.apple.product-type.application";
		};
		147DEEBA29AC8D1D00FB7CEA /* PokeAppTests */ = {
			isa = PBXNativeTarget;
			buildConfigurationList = 147DEED229AC8D1D00FB7CEA /* Build configuration list for PBXNativeTarget "PokeAppTests" */;
			buildPhases = (
				147DEEB729AC8D1D00FB7CEA /* Sources */,
				147DEEB829AC8D1D00FB7CEA /* Frameworks */,
				147DEEB929AC8D1D00FB7CEA /* Resources */,
			);
			buildRules = (
			);
			dependencies = (
				147DEEBD29AC8D1D00FB7CEA /* PBXTargetDependency */,
			);
			name = PokeAppTests;
			productName = PokeAppTests;
			productReference = 147DEEBB29AC8D1D00FB7CEA /* PokeAppTests.xctest */;
			productType = "com.apple.product-type.bundle.unit-test";
		};
		147DEEC429AC8D1D00FB7CEA /* PokeAppUITests */ = {
			isa = PBXNativeTarget;
			buildConfigurationList = 147DEED529AC8D1D00FB7CEA /* Build configuration list for PBXNativeTarget "PokeAppUITests" */;
			buildPhases = (
				147DEEC129AC8D1D00FB7CEA /* Sources */,
				147DEEC229AC8D1D00FB7CEA /* Frameworks */,
				147DEEC329AC8D1D00FB7CEA /* Resources */,
			);
			buildRules = (
			);
			dependencies = (
				147DEEC729AC8D1D00FB7CEA /* PBXTargetDependency */,
			);
			name = PokeAppUITests;
			productName = PokeAppUITests;
			productReference = 147DEEC529AC8D1D00FB7CEA /* PokeAppUITests.xctest */;
			productType = "com.apple.product-type.bundle.ui-testing";
		};
/* End PBXNativeTarget section */

/* Begin PBXProject section */
		147DEE9D29AC8D1B00FB7CEA /* Project object */ = {
			isa = PBXProject;
			attributes = {
				BuildIndependentTargetsInParallel = 1;
				LastSwiftUpdateCheck = 1420;
				LastUpgradeCheck = 1420;
				TargetAttributes = {
					147DEEA429AC8D1B00FB7CEA = {
						CreatedOnToolsVersion = 14.2;
					};
					147DEEBA29AC8D1D00FB7CEA = {
						CreatedOnToolsVersion = 14.2;
						TestTargetID = 147DEEA429AC8D1B00FB7CEA;
					};
					147DEEC429AC8D1D00FB7CEA = {
						CreatedOnToolsVersion = 14.2;
						TestTargetID = 147DEEA429AC8D1B00FB7CEA;
					};
				};
			};
			buildConfigurationList = 147DEEA029AC8D1B00FB7CEA /* Build configuration list for PBXProject "PokeApp" */;
			compatibilityVersion = "Xcode 14.0";
			developmentRegion = en;
			hasScannedForEncodings = 0;
			knownRegions = (
				en,
				Base,
			);
			mainGroup = 147DEE9C29AC8D1B00FB7CEA;
			productRefGroup = 147DEEA629AC8D1B00FB7CEA /* Products */;
			projectDirPath = "";
			projectRoot = "";
			targets = (
				147DEEA429AC8D1B00FB7CEA /* PokeApp */,
				147DEEBA29AC8D1D00FB7CEA /* PokeAppTests */,
				147DEEC429AC8D1D00FB7CEA /* PokeAppUITests */,
			);
		};
/* End PBXProject section */

/* Begin PBXResourcesBuildPhase section */
		147DEEA329AC8D1B00FB7CEA /* Resources */ = {
			isa = PBXResourcesBuildPhase;
			buildActionMask = 2147483647;
			files = (
				147DEEB529AC8D1D00FB7CEA /* LaunchScreen.storyboard in Resources */,
				147DEEB229AC8D1D00FB7CEA /* Assets.xcassets in Resources */,
			);
			runOnlyForDeploymentPostprocessing = 0;
		};
		147DEEB929AC8D1D00FB7CEA /* Resources */ = {
			isa = PBXResourcesBuildPhase;
			buildActionMask = 2147483647;
			files = (
			);
			runOnlyForDeploymentPostprocessing = 0;
		};
		147DEEC329AC8D1D00FB7CEA /* Resources */ = {
			isa = PBXResourcesBuildPhase;
			buildActionMask = 2147483647;
			files = (
			);
			runOnlyForDeploymentPostprocessing = 0;
		};
/* End PBXResourcesBuildPhase section */

/* Begin PBXSourcesBuildPhase section */
		147DEEA129AC8D1B00FB7CEA /* Sources */ = {
			isa = PBXSourcesBuildPhase;
			buildActionMask = 2147483647;
			files = (
				147D122D29AD2AE600FB7CEA /* PokemonListAssembly.swift in Sources */,
				147D124529AD2BE000FB7CEA /* Request.swift in Sources */,
				147DEEA929AC8D1B00FB7CEA /* AppDelegate.swift in Sources */,
				147D124929AD2C4E00FB7CEA /* PokemonListPresenter.swift in Sources */,
				147D124229AD2BE000FB7CEA /* Domains.swift in Sources */,
				147D124429AD2BE000FB7CEA /* HTTPMethod.swift in Sources */,
				147D124B29AD2C5D00FB7CEA /* PokemonListInteractor.swift in Sources */,
				147D123529AD2B7100FB7CEA /* PokemonListService.swift in Sources */,
				147D123029AD2AFE00FB7CEA /* PokemonListVC.swift in Sources */,
				147D124329AD2BE000FB7CEA /* NetworkErrors.swift in Sources */,
				147DEEAB29AC8D1B00FB7CEA /* SceneDelegate.swift in Sources */,
				147D123F29AD2BE000FB7CEA /* NetworkClient.swift in Sources */,
			);
			runOnlyForDeploymentPostprocessing = 0;
		};
		147DEEB729AC8D1D00FB7CEA /* Sources */ = {
			isa = PBXSourcesBuildPhase;
			buildActionMask = 2147483647;
			files = (
				147DEEC029AC8D1D00FB7CEA /* PokeAppTests.swift in Sources */,
			);
			runOnlyForDeploymentPostprocessing = 0;
		};
		147DEEC129AC8D1D00FB7CEA /* Sources */ = {
			isa = PBXSourcesBuildPhase;
			buildActionMask = 2147483647;
			files = (
				147DEECA29AC8D1D00FB7CEA /* PokeAppUITests.swift in Sources */,
				147DEECC29AC8D1D00FB7CEA /* PokeAppUITestsLaunchTests.swift in Sources */,
			);
			runOnlyForDeploymentPostprocessing = 0;
		};
/* End PBXSourcesBuildPhase section */

/* Begin PBXTargetDependency section */
		147DEEBD29AC8D1D00FB7CEA /* PBXTargetDependency */ = {
			isa = PBXTargetDependency;
			target = 147DEEA429AC8D1B00FB7CEA /* PokeApp */;
			targetProxy = 147DEEBC29AC8D1D00FB7CEA /* PBXContainerItemProxy */;
		};
		147DEEC729AC8D1D00FB7CEA /* PBXTargetDependency */ = {
			isa = PBXTargetDependency;
			target = 147DEEA429AC8D1B00FB7CEA /* PokeApp */;
			targetProxy = 147DEEC629AC8D1D00FB7CEA /* PBXContainerItemProxy */;
		};
/* End PBXTargetDependency section */

/* Begin PBXVariantGroup section */
		147DEEB329AC8D1D00FB7CEA /* LaunchScreen.storyboard */ = {
			isa = PBXVariantGroup;
			children = (
				147DEEB429AC8D1D00FB7CEA /* Base */,
			);
			name = LaunchScreen.storyboard;
			sourceTree = "<group>";
		};
/* End PBXVariantGroup section */

/* Begin XCBuildConfiguration section */
		147DEECD29AC8D1D00FB7CEA /* Debug */ = {
			isa = XCBuildConfiguration;
			buildSettings = {
				ALWAYS_SEARCH_USER_PATHS = NO;
				CLANG_ANALYZER_NONNULL = YES;
				CLANG_ANALYZER_NUMBER_OBJECT_CONVERSION = YES_AGGRESSIVE;
				CLANG_CXX_LANGUAGE_STANDARD = "gnu++20";
				CLANG_ENABLE_MODULES = YES;
				CLANG_ENABLE_OBJC_ARC = YES;
				CLANG_ENABLE_OBJC_WEAK = YES;
				CLANG_WARN_BLOCK_CAPTURE_AUTORELEASING = YES;
				CLANG_WARN_BOOL_CONVERSION = YES;
				CLANG_WARN_COMMA = YES;
				CLANG_WARN_CONSTANT_CONVERSION = YES;
				CLANG_WARN_DEPRECATED_OBJC_IMPLEMENTATIONS = YES;
				CLANG_WARN_DIRECT_OBJC_ISA_USAGE = YES_ERROR;
				CLANG_WARN_DOCUMENTATION_COMMENTS = YES;
				CLANG_WARN_EMPTY_BODY = YES;
				CLANG_WARN_ENUM_CONVERSION = YES;
				CLANG_WARN_INFINITE_RECURSION = YES;
				CLANG_WARN_INT_CONVERSION = YES;
				CLANG_WARN_NON_LITERAL_NULL_CONVERSION = YES;
				CLANG_WARN_OBJC_IMPLICIT_RETAIN_SELF = YES;
				CLANG_WARN_OBJC_LITERAL_CONVERSION = YES;
				CLANG_WARN_OBJC_ROOT_CLASS = YES_ERROR;
				CLANG_WARN_QUOTED_INCLUDE_IN_FRAMEWORK_HEADER = YES;
				CLANG_WARN_RANGE_LOOP_ANALYSIS = YES;
				CLANG_WARN_STRICT_PROTOTYPES = YES;
				CLANG_WARN_SUSPICIOUS_MOVE = YES;
				CLANG_WARN_UNGUARDED_AVAILABILITY = YES_AGGRESSIVE;
				CLANG_WARN_UNREACHABLE_CODE = YES;
				CLANG_WARN__DUPLICATE_METHOD_MATCH = YES;
				COPY_PHASE_STRIP = NO;
				DEBUG_INFORMATION_FORMAT = dwarf;
				ENABLE_STRICT_OBJC_MSGSEND = YES;
				ENABLE_TESTABILITY = YES;
				GCC_C_LANGUAGE_STANDARD = gnu11;
				GCC_DYNAMIC_NO_PIC = NO;
				GCC_NO_COMMON_BLOCKS = YES;
				GCC_OPTIMIZATION_LEVEL = 0;
				GCC_PREPROCESSOR_DEFINITIONS = (
					"DEBUG=1",
					"$(inherited)",
				);
				GCC_WARN_64_TO_32_BIT_CONVERSION = YES;
				GCC_WARN_ABOUT_RETURN_TYPE = YES_ERROR;
				GCC_WARN_UNDECLARED_SELECTOR = YES;
				GCC_WARN_UNINITIALIZED_AUTOS = YES_AGGRESSIVE;
				GCC_WARN_UNUSED_FUNCTION = YES;
				GCC_WARN_UNUSED_VARIABLE = YES;
				IPHONEOS_DEPLOYMENT_TARGET = 16.2;
				MTL_ENABLE_DEBUG_INFO = INCLUDE_SOURCE;
				MTL_FAST_MATH = YES;
				ONLY_ACTIVE_ARCH = YES;
				SDKROOT = iphoneos;
				SWIFT_ACTIVE_COMPILATION_CONDITIONS = DEBUG;
				SWIFT_OPTIMIZATION_LEVEL = "-Onone";
			};
			name = Debug;
		};
		147DEECE29AC8D1D00FB7CEA /* Release */ = {
			isa = XCBuildConfiguration;
			buildSettings = {
				ALWAYS_SEARCH_USER_PATHS = NO;
				CLANG_ANALYZER_NONNULL = YES;
				CLANG_ANALYZER_NUMBER_OBJECT_CONVERSION = YES_AGGRESSIVE;
				CLANG_CXX_LANGUAGE_STANDARD = "gnu++20";
				CLANG_ENABLE_MODULES = YES;
				CLANG_ENABLE_OBJC_ARC = YES;
				CLANG_ENABLE_OBJC_WEAK = YES;
				CLANG_WARN_BLOCK_CAPTURE_AUTORELEASING = YES;
				CLANG_WARN_BOOL_CONVERSION = YES;
				CLANG_WARN_COMMA = YES;
				CLANG_WARN_CONSTANT_CONVERSION = YES;
				CLANG_WARN_DEPRECATED_OBJC_IMPLEMENTATIONS = YES;
				CLANG_WARN_DIRECT_OBJC_ISA_USAGE = YES_ERROR;
				CLANG_WARN_DOCUMENTATION_COMMENTS = YES;
				CLANG_WARN_EMPTY_BODY = YES;
				CLANG_WARN_ENUM_CONVERSION = YES;
				CLANG_WARN_INFINITE_RECURSION = YES;
				CLANG_WARN_INT_CONVERSION = YES;
				CLANG_WARN_NON_LITERAL_NULL_CONVERSION = YES;
				CLANG_WARN_OBJC_IMPLICIT_RETAIN_SELF = YES;
				CLANG_WARN_OBJC_LITERAL_CONVERSION = YES;
				CLANG_WARN_OBJC_ROOT_CLASS = YES_ERROR;
				CLANG_WARN_QUOTED_INCLUDE_IN_FRAMEWORK_HEADER = YES;
				CLANG_WARN_RANGE_LOOP_ANALYSIS = YES;
				CLANG_WARN_STRICT_PROTOTYPES = YES;
				CLANG_WARN_SUSPICIOUS_MOVE = YES;
				CLANG_WARN_UNGUARDED_AVAILABILITY = YES_AGGRESSIVE;
				CLANG_WARN_UNREACHABLE_CODE = YES;
				CLANG_WARN__DUPLICATE_METHOD_MATCH = YES;
				COPY_PHASE_STRIP = NO;
				DEBUG_INFORMATION_FORMAT = "dwarf-with-dsym";
				ENABLE_NS_ASSERTIONS = NO;
				ENABLE_STRICT_OBJC_MSGSEND = YES;
				GCC_C_LANGUAGE_STANDARD = gnu11;
				GCC_NO_COMMON_BLOCKS = YES;
				GCC_WARN_64_TO_32_BIT_CONVERSION = YES;
				GCC_WARN_ABOUT_RETURN_TYPE = YES_ERROR;
				GCC_WARN_UNDECLARED_SELECTOR = YES;
				GCC_WARN_UNINITIALIZED_AUTOS = YES_AGGRESSIVE;
				GCC_WARN_UNUSED_FUNCTION = YES;
				GCC_WARN_UNUSED_VARIABLE = YES;
				IPHONEOS_DEPLOYMENT_TARGET = 16.2;
				MTL_ENABLE_DEBUG_INFO = NO;
				MTL_FAST_MATH = YES;
				SDKROOT = iphoneos;
				SWIFT_COMPILATION_MODE = wholemodule;
				SWIFT_OPTIMIZATION_LEVEL = "-O";
				VALIDATE_PRODUCT = YES;
			};
			name = Release;
		};
		147DEED029AC8D1D00FB7CEA /* Debug */ = {
			isa = XCBuildConfiguration;
			buildSettings = {
				ASSETCATALOG_COMPILER_APPICON_NAME = AppIcon;
				ASSETCATALOG_COMPILER_GLOBAL_ACCENT_COLOR_NAME = AccentColor;
				CODE_SIGN_STYLE = Automatic;
				CURRENT_PROJECT_VERSION = 1;
				DEVELOPMENT_TEAM = KL7GLHZ84U;
				GENERATE_INFOPLIST_FILE = YES;
				INFOPLIST_FILE = PokeApp/Info.plist;
				INFOPLIST_KEY_UIApplicationSupportsIndirectInputEvents = YES;
				INFOPLIST_KEY_UILaunchStoryboardName = LaunchScreen;
				INFOPLIST_KEY_UISupportedInterfaceOrientations_iPad = "UIInterfaceOrientationPortrait UIInterfaceOrientationPortraitUpsideDown UIInterfaceOrientationLandscapeLeft UIInterfaceOrientationLandscapeRight";
				INFOPLIST_KEY_UISupportedInterfaceOrientations_iPhone = "UIInterfaceOrientationPortrait UIInterfaceOrientationLandscapeLeft UIInterfaceOrientationLandscapeRight";
				LD_RUNPATH_SEARCH_PATHS = (
					"$(inherited)",
					"@executable_path/Frameworks",
				);
				MARKETING_VERSION = 1.0;
				PRODUCT_BUNDLE_IDENTIFIER = AntonShupletsov.PokeApp;
				PRODUCT_NAME = "$(TARGET_NAME)";
				SWIFT_EMIT_LOC_STRINGS = YES;
				SWIFT_VERSION = 5.0;
				TARGETED_DEVICE_FAMILY = "1,2";
			};
			name = Debug;
		};
		147DEED129AC8D1D00FB7CEA /* Release */ = {
			isa = XCBuildConfiguration;
			buildSettings = {
				ASSETCATALOG_COMPILER_APPICON_NAME = AppIcon;
				ASSETCATALOG_COMPILER_GLOBAL_ACCENT_COLOR_NAME = AccentColor;
				CODE_SIGN_STYLE = Automatic;
				CURRENT_PROJECT_VERSION = 1;
				DEVELOPMENT_TEAM = KL7GLHZ84U;
				GENERATE_INFOPLIST_FILE = YES;
				INFOPLIST_FILE = PokeApp/Info.plist;
				INFOPLIST_KEY_UIApplicationSupportsIndirectInputEvents = YES;
				INFOPLIST_KEY_UILaunchStoryboardName = LaunchScreen;
				INFOPLIST_KEY_UISupportedInterfaceOrientations_iPad = "UIInterfaceOrientationPortrait UIInterfaceOrientationPortraitUpsideDown UIInterfaceOrientationLandscapeLeft UIInterfaceOrientationLandscapeRight";
				INFOPLIST_KEY_UISupportedInterfaceOrientations_iPhone = "UIInterfaceOrientationPortrait UIInterfaceOrientationLandscapeLeft UIInterfaceOrientationLandscapeRight";
				LD_RUNPATH_SEARCH_PATHS = (
					"$(inherited)",
					"@executable_path/Frameworks",
				);
				MARKETING_VERSION = 1.0;
				PRODUCT_BUNDLE_IDENTIFIER = AntonShupletsov.PokeApp;
				PRODUCT_NAME = "$(TARGET_NAME)";
				SWIFT_EMIT_LOC_STRINGS = YES;
				SWIFT_VERSION = 5.0;
				TARGETED_DEVICE_FAMILY = "1,2";
			};
			name = Release;
		};
		147DEED329AC8D1D00FB7CEA /* Debug */ = {
			isa = XCBuildConfiguration;
			buildSettings = {
				ALWAYS_EMBED_SWIFT_STANDARD_LIBRARIES = YES;
				BUNDLE_LOADER = "$(TEST_HOST)";
				CODE_SIGN_STYLE = Automatic;
				CURRENT_PROJECT_VERSION = 1;
				DEVELOPMENT_TEAM = KL7GLHZ84U;
				GENERATE_INFOPLIST_FILE = YES;
				IPHONEOS_DEPLOYMENT_TARGET = 16.2;
				MARKETING_VERSION = 1.0;
				PRODUCT_BUNDLE_IDENTIFIER = AntonShupletsov.PokeAppTests;
				PRODUCT_NAME = "$(TARGET_NAME)";
				SWIFT_EMIT_LOC_STRINGS = NO;
				SWIFT_VERSION = 5.0;
				TARGETED_DEVICE_FAMILY = "1,2";
				TEST_HOST = "$(BUILT_PRODUCTS_DIR)/PokeApp.app/$(BUNDLE_EXECUTABLE_FOLDER_PATH)/PokeApp";
			};
			name = Debug;
		};
		147DEED429AC8D1D00FB7CEA /* Release */ = {
			isa = XCBuildConfiguration;
			buildSettings = {
				ALWAYS_EMBED_SWIFT_STANDARD_LIBRARIES = YES;
				BUNDLE_LOADER = "$(TEST_HOST)";
				CODE_SIGN_STYLE = Automatic;
				CURRENT_PROJECT_VERSION = 1;
				DEVELOPMENT_TEAM = KL7GLHZ84U;
				GENERATE_INFOPLIST_FILE = YES;
				IPHONEOS_DEPLOYMENT_TARGET = 16.2;
				MARKETING_VERSION = 1.0;
				PRODUCT_BUNDLE_IDENTIFIER = AntonShupletsov.PokeAppTests;
				PRODUCT_NAME = "$(TARGET_NAME)";
				SWIFT_EMIT_LOC_STRINGS = NO;
				SWIFT_VERSION = 5.0;
				TARGETED_DEVICE_FAMILY = "1,2";
				TEST_HOST = "$(BUILT_PRODUCTS_DIR)/PokeApp.app/$(BUNDLE_EXECUTABLE_FOLDER_PATH)/PokeApp";
			};
			name = Release;
		};
		147DEED629AC8D1D00FB7CEA /* Debug */ = {
			isa = XCBuildConfiguration;
			buildSettings = {
				ALWAYS_EMBED_SWIFT_STANDARD_LIBRARIES = YES;
				CODE_SIGN_STYLE = Automatic;
				CURRENT_PROJECT_VERSION = 1;
				DEVELOPMENT_TEAM = KL7GLHZ84U;
				GENERATE_INFOPLIST_FILE = YES;
				MARKETING_VERSION = 1.0;
				PRODUCT_BUNDLE_IDENTIFIER = AntonShupletsov.PokeAppUITests;
				PRODUCT_NAME = "$(TARGET_NAME)";
				SWIFT_EMIT_LOC_STRINGS = NO;
				SWIFT_VERSION = 5.0;
				TARGETED_DEVICE_FAMILY = "1,2";
				TEST_TARGET_NAME = PokeApp;
			};
			name = Debug;
		};
		147DEED729AC8D1D00FB7CEA /* Release */ = {
			isa = XCBuildConfiguration;
			buildSettings = {
				ALWAYS_EMBED_SWIFT_STANDARD_LIBRARIES = YES;
				CODE_SIGN_STYLE = Automatic;
				CURRENT_PROJECT_VERSION = 1;
				DEVELOPMENT_TEAM = KL7GLHZ84U;
				GENERATE_INFOPLIST_FILE = YES;
				MARKETING_VERSION = 1.0;
				PRODUCT_BUNDLE_IDENTIFIER = AntonShupletsov.PokeAppUITests;
				PRODUCT_NAME = "$(TARGET_NAME)";
				SWIFT_EMIT_LOC_STRINGS = NO;
				SWIFT_VERSION = 5.0;
				TARGETED_DEVICE_FAMILY = "1,2";
				TEST_TARGET_NAME = PokeApp;
			};
			name = Release;
		};
/* End XCBuildConfiguration section */

/* Begin XCConfigurationList section */
		147DEEA029AC8D1B00FB7CEA /* Build configuration list for PBXProject "PokeApp" */ = {
			isa = XCConfigurationList;
			buildConfigurations = (
				147DEECD29AC8D1D00FB7CEA /* Debug */,
				147DEECE29AC8D1D00FB7CEA /* Release */,
			);
			defaultConfigurationIsVisible = 0;
			defaultConfigurationName = Release;
		};
		147DEECF29AC8D1D00FB7CEA /* Build configuration list for PBXNativeTarget "PokeApp" */ = {
			isa = XCConfigurationList;
			buildConfigurations = (
				147DEED029AC8D1D00FB7CEA /* Debug */,
				147DEED129AC8D1D00FB7CEA /* Release */,
			);
			defaultConfigurationIsVisible = 0;
			defaultConfigurationName = Release;
		};
		147DEED229AC8D1D00FB7CEA /* Build configuration list for PBXNativeTarget "PokeAppTests" */ = {
			isa = XCConfigurationList;
			buildConfigurations = (
				147DEED329AC8D1D00FB7CEA /* Debug */,
				147DEED429AC8D1D00FB7CEA /* Release */,
			);
			defaultConfigurationIsVisible = 0;
			defaultConfigurationName = Release;
		};
		147DEED529AC8D1D00FB7CEA /* Build configuration list for PBXNativeTarget "PokeAppUITests" */ = {
			isa = XCConfigurationList;
			buildConfigurations = (
				147DEED629AC8D1D00FB7CEA /* Debug */,
				147DEED729AC8D1D00FB7CEA /* Release */,
			);
			defaultConfigurationIsVisible = 0;
			defaultConfigurationName = Release;
		};
/* End XCConfigurationList section */
	};
	rootObject = 147DEE9D29AC8D1B00FB7CEA /* Project object */;
}
